Microsoft Visual Studio Solution File, Format Version 10.00
# Visual Studio 2008
Project("{8BC9CEB8-8B4A-11D0-8D11-00A0C91BC942}") = "libOEMath", "source\libOEMath\libOEMath.vcproj", "{BF852F28-01B5-4492-9273-6E69EE1E4929}"
EndProject
Project("{8BC9CEB8-8B4A-11D0-8D11-00A0C91BC942}") = "OEUI", "source\OEUI\OEUI.vcproj", "{CBCC086D-37D5-4C44-AA7E-C539DF7DE73E}"
	ProjectSection(ProjectDependencies) = postProject
		{BF852F28-01B5-4492-9273-6E69EE1E4929} = {BF852F28-01B5-4492-9273-6E69EE1E4929}
		{FC86443B-245B-4F29-BEF2-2D39A8F8B063} = {FC86443B-245B-4F29-BEF2-2D39A8F8B063}
		{1811B7AB-DF7A-48BE-B26E-8E8543F9ED99} = {1811B7AB-DF7A-48BE-B26E-8E8543F9ED99}
	EndProjectSection
EndProject
Project("{8BC9CEB8-8B4A-11D0-8D11-00A0C91BC942}") = "OEBase", "source\OEBase\OEBase.vcproj", "{8354A989-14F3-4A53-A458-C86BD5D3520A}"
	ProjectSection(ProjectDependencies) = postProject
		{FC86443B-245B-4F29-BEF2-2D39A8F8B063} = {FC86443B-245B-4F29-BEF2-2D39A8F8B063}
	EndProjectSection
EndProject
Project("{8BC9CEB8-8B4A-11D0-8D11-00A0C91BC942}") = "libOEUI", "source\libOEUI\libOEUI.vcproj", "{1811B7AB-DF7A-48BE-B26E-8E8543F9ED99}"
EndProject
Project("{8BC9CEB8-8B4A-11D0-8D11-00A0C91BC942}") = "libOEBase", "source\libOEBase\libOEBase.vcproj", "{FC86443B-245B-4F29-BEF2-2D39A8F8B063}"
EndProject
Project("{8BC9CEB8-8B4A-11D0-8D11-00A0C91BC942}") = "RenderSystemD3D", "source\RenderSystemD3D\RenderSystemD3D.vcproj", "{AC354CD4-184C-4981-BB36-AA0FBD4A0704}"
	ProjectSection(ProjectDependencies) = postProject
		{BF852F28-01B5-4492-9273-6E69EE1E4929} = {BF852F28-01B5-4492-9273-6E69EE1E4929}
		{FC86443B-245B-4F29-BEF2-2D39A8F8B063} = {FC86443B-245B-4F29-BEF2-2D39A8F8B063}
	EndProjectSection
EndProject
Project("{8BC9CEB8-8B4A-11D0-8D11-00A0C91BC942}") = "RenderSystemOGL", "source\RenderSystemOGL\RenderSystemOGL.vcproj", "{76D80167-2434-4D55-91F5-BE7DEF3C29F0}"
	ProjectSection(ProjectDependencies) = postProject
		{BF852F28-01B5-4492-9273-6E69EE1E4929} = {BF852F28-01B5-4492-9273-6E69EE1E4929}
		{FC86443B-245B-4F29-BEF2-2D39A8F8B063} = {FC86443B-245B-4F29-BEF2-2D39A8F8B063}
	EndProjectSection
EndProject
Project("{8BC9CEB8-8B4A-11D0-8D11-00A0C91BC942}") = "OECore", "source\OECore\OECore.vcproj", "{D075752D-2334-4F70-B398-75BEA302E0F7}"
	ProjectSection(ProjectDependencies) = postProject
		{BF852F28-01B5-4492-9273-6E69EE1E4929} = {BF852F28-01B5-4492-9273-6E69EE1E4929}
		{FC86443B-245B-4F29-BEF2-2D39A8F8B063} = {FC86443B-245B-4F29-BEF2-2D39A8F8B063}
		{1811B7AB-DF7A-48BE-B26E-8E8543F9ED99} = {1811B7AB-DF7A-48BE-B26E-8E8543F9ED99}
	EndProjectSection
EndProject
Global
	GlobalSection(SolutionConfigurationPlatforms) = preSolution
		Debug|Win32 = Debug|Win32
		Release|Win32 = Release|Win32
		Unicode Debug|Win32 = Unicode Debug|Win32
		Unicode Release|Win32 = Unicode Release|Win32
	EndGlobalSection
	GlobalSection(ProjectConfigurationPlatforms) = postSolution
		{BF852F28-01B5-4492-9273-6E69EE1E4929}.Debug|Win32.ActiveCfg = Debug|Win32
		{BF852F28-01B5-4492-9273-6E69EE1E4929}.Debug|Win32.Build.0 = Debug|Win32
		{BF852F28-01B5-4492-9273-6E69EE1E4929}.Release|Win32.ActiveCfg = Release|Win32
		{BF852F28-01B5-4492-9273-6E69EE1E4929}.Release|Win32.Build.0 = Release|Win32
		{BF852F28-01B5-4492-9273-6E69EE1E4929}.Unicode Debug|Win32.ActiveCfg = Unicode Debug|Win32
		{BF852F28-01B5-4492-9273-6E69EE1E4929}.Unicode Debug|Win32.Build.0 = Unicode Debug|Win32
		{BF852F28-01B5-4492-9273-6E69EE1E4929}.Unicode Release|Win32.ActiveCfg = Unicode Release|Win32
		{BF852F28-01B5-4492-9273-6E69EE1E4929}.Unicode Release|Win32.Build.0 = Unicode Release|Win32
		{CBCC086D-37D5-4C44-AA7E-C539DF7DE73E}.Debug|Win32.ActiveCfg = Debug|Win32
		{CBCC086D-37D5-4C44-AA7E-C539DF7DE73E}.Debug|Win32.Build.0 = Debug|Win32
		{CBCC086D-37D5-4C44-AA7E-C539DF7DE73E}.Release|Win32.ActiveCfg = Release|Win32
		{CBCC086D-37D5-4C44-AA7E-C539DF7DE73E}.Release|Win32.Build.0 = Release|Win32
		{CBCC086D-37D5-4C44-AA7E-C539DF7DE73E}.Unicode Debug|Win32.ActiveCfg = Unicode Debug|Win32
		{CBCC086D-37D5-4C44-AA7E-C539DF7DE73E}.Unicode Debug|Win32.Build.0 = Unicode Debug|Win32
		{CBCC086D-37D5-4C44-AA7E-C539DF7DE73E}.Unicode Release|Win32.ActiveCfg = Unicode Release|Win32
		{CBCC086D-37D5-4C44-AA7E-C539DF7DE73E}.Unicode Release|Win32.Build.0 = Unicode Release|Win32
		{8354A989-14F3-4A53-A458-C86BD5D3520A}.Debug|Win32.ActiveCfg = Debug|Win32
		{8354A989-14F3-4A53-A458-C86BD5D3520A}.Debug|Win32.Build.0 = Debug|Win32
		{8354A989-14F3-4A53-A458-C86BD5D3520A}.Release|Win32.ActiveCfg = Release|Win32
		{8354A989-14F3-4A53-A458-C86BD5D3520A}.Release|Win32.Build.0 = Release|Win32
		{8354A989-14F3-4A53-A458-C86BD5D3520A}.Unicode Debug|Win32.ActiveCfg = Unicode Debug|Win32
		{8354A989-14F3-4A53-A458-C86BD5D3520A}.Unicode Debug|Win32.Build.0 = Unicode Debug|Win32
		{8354A989-14F3-4A53-A458-C86BD5D3520A}.Unicode Release|Win32.ActiveCfg = Unicode Release|Win32
		{8354A989-14F3-4A53-A458-C86BD5D3520A}.Unicode Release|Win32.Build.0 = Unicode Release|Win32
		{1811B7AB-DF7A-48BE-B26E-8E8543F9ED99}.Debug|Win32.ActiveCfg = Debug|Win32
		{1811B7AB-DF7A-48BE-B26E-8E8543F9ED99}.Debug|Win32.Build.0 = Debug|Win32
		{1811B7AB-DF7A-48BE-B26E-8E8543F9ED99}.Release|Win32.ActiveCfg = Release|Win32
		{1811B7AB-DF7A-48BE-B26E-8E8543F9ED99}.Release|Win32.Build.0 = Release|Win32
		{1811B7AB-DF7A-48BE-B26E-8E8543F9ED99}.Unicode Debug|Win32.ActiveCfg = Unicode Debug|Win32
		{1811B7AB-DF7A-48BE-B26E-8E8543F9ED99}.Unicode Debug|Win32.Build.0 = Unicode Debug|Win32
		{1811B7AB-DF7A-48BE-B26E-8E8543F9ED99}.Unicode Release|Win32.ActiveCfg = Unicode Release|Win32
		{1811B7AB-DF7A-48BE-B26E-8E8543F9ED99}.Unicode Release|Win32.Build.0 = Unicode Release|Win32
		{FC86443B-245B-4F29-BEF2-2D39A8F8B063}.Debug|Win32.ActiveCfg = Debug|Win32
		{FC86443B-245B-4F29-BEF2-2D39A8F8B063}.Debug|Win32.Build.0 = Debug|Win32
		{FC86443B-245B-4F29-BEF2-2D39A8F8B063}.Release|Win32.ActiveCfg = Release|Win32
		{FC86443B-245B-4F29-BEF2-2D39A8F8B063}.Release|Win32.Build.0 = Release|Win32
		{FC86443B-245B-4F29-BEF2-2D39A8F8B063}.Unicode Debug|Win32.ActiveCfg = Unicode Debug|Win32
		{FC86443B-245B-4F29-BEF2-2D39A8F8B063}.Unicode Debug|Win32.Build.0 = Unicode Debug|Win32
		{FC86443B-245B-4F29-BEF2-2D39A8F8B063}.Unicode Release|Win32.ActiveCfg = Unicode Release|Win32
		{FC86443B-245B-4F29-BEF2-2D39A8F8B063}.Unicode Release|Win32.Build.0 = Unicode Release|Win32
		{AC354CD4-184C-4981-BB36-AA0FBD4A0704}.Debug|Win32.ActiveCfg = Debug|Win32
		{AC354CD4-184C-4981-BB36-AA0FBD4A0704}.Debug|Win32.Build.0 = Debug|Win32
		{AC354CD4-184C-4981-BB36-AA0FBD4A0704}.Release|Win32.ActiveCfg = Release|Win32
		{AC354CD4-184C-4981-BB36-AA0FBD4A0704}.Release|Win32.Build.0 = Release|Win32
		{AC354CD4-184C-4981-BB36-AA0FBD4A0704}.Unicode Debug|Win32.ActiveCfg = Unicode Debug|Win32
		{AC354CD4-184C-4981-BB36-AA0FBD4A0704}.Unicode Debug|Win32.Build.0 = Unicode Debug|Win32
		{AC354CD4-184C-4981-BB36-AA0FBD4A0704}.Unicode Release|Win32.ActiveCfg = Unicode Release|Win32
		{AC354CD4-184C-4981-BB36-AA0FBD4A0704}.Unicode Release|Win32.Build.0 = Unicode Release|Win32
		{76D80167-2434-4D55-91F5-BE7DEF3C29F0}.Debug|Win32.ActiveCfg = Debug|Win32
		{76D80167-2434-4D55-91F5-BE7DEF3C29F0}.Debug|Win32.Build.0 = Debug|Win32
		{76D80167-2434-4D55-91F5-BE7DEF3C29F0}.Release|Win32.ActiveCfg = Release|Win32
		{76D80167-2434-4D55-91F5-BE7DEF3C29F0}.Release|Win32.Build.0 = Release|Win32
		{76D80167-2434-4D55-91F5-BE7DEF3C29F0}.Unicode Debug|Win32.ActiveCfg = Unicode Debug|Win32
		{76D80167-2434-4D55-91F5-BE7DEF3C29F0}.Unicode Debug|Win32.Build.0 = Unicode Debug|Win32
		{76D80167-2434-4D55-91F5-BE7DEF3C29F0}.Unicode Release|Win32.ActiveCfg = Unicode Release|Win32
		{76D80167-2434-4D55-91F5-BE7DEF3C29F0}.Unicode Release|Win32.Build.0 = Unicode Release|Win32
		{D075752D-2334-4F70-B398-75BEA302E0F7}.Debug|Win32.ActiveCfg = Debug|Win32
		{D075752D-2334-4F70-B398-75BEA302E0F7}.Debug|Win32.Build.0 = Debug|Win32
		{D075752D-2334-4F70-B398-75BEA302E0F7}.Release|Win32.ActiveCfg = Release|Win32
		{D075752D-2334-4F70-B398-75BEA302E0F7}.Release|Win32.Build.0 = Release|Win32
		{D075752D-2334-4F70-B398-75BEA302E0F7}.Unicode Debug|Win32.ActiveCfg = Unicode Debug|Win32
		{D075752D-2334-4F70-B398-75BEA302E0F7}.Unicode Debug|Win32.Build.0 = Unicode Debug|Win32
		{D075752D-2334-4F70-B398-75BEA302E0F7}.Unicode Release|Win32.ActiveCfg = Unicode Release|Win32
		{D075752D-2334-4F70-B398-75BEA302E0F7}.Unicode Release|Win32.Build.0 = Unicode Release|Win32
	EndGlobalSection
	GlobalSection(SolutionProperties) = preSolution
		HideSolutionNode = FALSE
	EndGlobalSection
EndGlobal
