Microsoft Visual Studio Solution File, Format Version 10.00
# Visual Studio 2008
Project("{8BC9CEB8-8B4A-11D0-8D11-00A0C91BC942}") = "libOEMath", "source\libOEMath\libOEMath.vcproj", "{BF852F28-01B5-4492-9273-6E69EE1E4929}"
EndProject
Project("{8BC9CEB8-8B4A-11D0-8D11-00A0C91BC942}") = "MatrixCalc", "tools\MatrixCalc\MatrixCalc.vcproj", "{162968AD-81C4-4DD6-A837-1E29969FE064}"
	ProjectSection(ProjectDependencies) = postProject
		{BF852F28-01B5-4492-9273-6E69EE1E4929} = {BF852F28-01B5-4492-9273-6E69EE1E4929}
		{FC86443B-245B-4F29-BEF2-2D39A8F8B063} = {FC86443B-245B-4F29-BEF2-2D39A8F8B063}
	EndProjectSection
EndProject
Project("{8BC9CEB8-8B4A-11D0-8D11-00A0C91BC942}") = "ModelExporter", "tools\ModelExporter\ModelExporter.vcproj", "{974A94F3-86D6-4CAC-8560-C5C1CE798CCF}"
	ProjectSection(ProjectDependencies) = postProject
		{BF852F28-01B5-4492-9273-6E69EE1E4929} = {BF852F28-01B5-4492-9273-6E69EE1E4929}
		{FC86443B-245B-4F29-BEF2-2D39A8F8B063} = {FC86443B-245B-4F29-BEF2-2D39A8F8B063}
	EndProjectSection
EndProject
Project("{8BC9CEB8-8B4A-11D0-8D11-00A0C91BC942}") = "ModelConverter", "tools\ModelConverter\ModelConverter.vcproj", "{AA283B70-9245-4C23-A1AD-C61D3E229ADB}"
	ProjectSection(ProjectDependencies) = postProject
		{BF852F28-01B5-4492-9273-6E69EE1E4929} = {BF852F28-01B5-4492-9273-6E69EE1E4929}
		{FC86443B-245B-4F29-BEF2-2D39A8F8B063} = {FC86443B-245B-4F29-BEF2-2D39A8F8B063}
	EndProjectSection
EndProject
Project("{8BC9CEB8-8B4A-11D0-8D11-00A0C91BC942}") = "libOEBase", "source\libOEBase\libOEBase.vcproj", "{FC86443B-245B-4F29-BEF2-2D39A8F8B063}"
EndProject
Project("{8BC9CEB8-8B4A-11D0-8D11-00A0C91BC942}") = "MessageGenerator", "tools\MessageGenerator\MessageGenerator.vcproj", "{57C0A571-828A-42C2-9FC2-AE07BCFA3C93}"
	ProjectSection(ProjectDependencies) = postProject
		{FC86443B-245B-4F29-BEF2-2D39A8F8B063} = {FC86443B-245B-4F29-BEF2-2D39A8F8B063}
		{8354A989-14F3-4A53-A458-C86BD5D3520A} = {8354A989-14F3-4A53-A458-C86BD5D3520A}
	EndProjectSection
EndProject
Project("{8BC9CEB8-8B4A-11D0-8D11-00A0C91BC942}") = "OEBase", "source\OEBase\OEBase.vcproj", "{8354A989-14F3-4A53-A458-C86BD5D3520A}"
EndProject
Global
	GlobalSection(SolutionConfigurationPlatforms) = preSolution
		Debug|Win32 = Debug|Win32
		Release|Win32 = Release|Win32
		Unicode Debug|Win32 = Unicode Debug|Win32
		Unicode Release|Win32 = Unicode Release|Win32
	EndGlobalSection
	GlobalSection(ProjectConfigurationPlatforms) = postSolution
		{BF852F28-01B5-4492-9273-6E69EE1E4929}.Debug|Win32.ActiveCfg = Debug|Win32
		{BF852F28-01B5-4492-9273-6E69EE1E4929}.Debug|Win32.Build.0 = Debug|Win32
		{BF852F28-01B5-4492-9273-6E69EE1E4929}.Release|Win32.ActiveCfg = Release|Win32
		{BF852F28-01B5-4492-9273-6E69EE1E4929}.Release|Win32.Build.0 = Release|Win32
		{BF852F28-01B5-4492-9273-6E69EE1E4929}.Unicode Debug|Win32.ActiveCfg = Unicode Debug|Win32
		{BF852F28-01B5-4492-9273-6E69EE1E4929}.Unicode Debug|Win32.Build.0 = Unicode Debug|Win32
		{BF852F28-01B5-4492-9273-6E69EE1E4929}.Unicode Release|Win32.ActiveCfg = Unicode Release|Win32
		{BF852F28-01B5-4492-9273-6E69EE1E4929}.Unicode Release|Win32.Build.0 = Unicode Release|Win32
		{162968AD-81C4-4DD6-A837-1E29969FE064}.Debug|Win32.ActiveCfg = Debug|Win32
		{162968AD-81C4-4DD6-A837-1E29969FE064}.Debug|Win32.Build.0 = Debug|Win32
		{162968AD-81C4-4DD6-A837-1E29969FE064}.Release|Win32.ActiveCfg = Release|Win32
		{162968AD-81C4-4DD6-A837-1E29969FE064}.Release|Win32.Build.0 = Release|Win32
		{162968AD-81C4-4DD6-A837-1E29969FE064}.Unicode Debug|Win32.ActiveCfg = Unicode Debug|Win32
		{162968AD-81C4-4DD6-A837-1E29969FE064}.Unicode Debug|Win32.Build.0 = Unicode Debug|Win32
		{162968AD-81C4-4DD6-A837-1E29969FE064}.Unicode Release|Win32.ActiveCfg = Unicode Release|Win32
		{162968AD-81C4-4DD6-A837-1E29969FE064}.Unicode Release|Win32.Build.0 = Unicode Release|Win32
		{974A94F3-86D6-4CAC-8560-C5C1CE798CCF}.Debug|Win32.ActiveCfg = Debug|Win32
		{974A94F3-86D6-4CAC-8560-C5C1CE798CCF}.Debug|Win32.Build.0 = Debug|Win32
		{974A94F3-86D6-4CAC-8560-C5C1CE798CCF}.Release|Win32.ActiveCfg = Release|Win32
		{974A94F3-86D6-4CAC-8560-C5C1CE798CCF}.Release|Win32.Build.0 = Release|Win32
		{974A94F3-86D6-4CAC-8560-C5C1CE798CCF}.Unicode Debug|Win32.ActiveCfg = Unicode Debug|Win32
		{974A94F3-86D6-4CAC-8560-C5C1CE798CCF}.Unicode Debug|Win32.Build.0 = Unicode Debug|Win32
		{974A94F3-86D6-4CAC-8560-C5C1CE798CCF}.Unicode Release|Win32.ActiveCfg = Unicode Release|Win32
		{974A94F3-86D6-4CAC-8560-C5C1CE798CCF}.Unicode Release|Win32.Build.0 = Unicode Release|Win32
		{AA283B70-9245-4C23-A1AD-C61D3E229ADB}.Debug|Win32.ActiveCfg = Debug|Win32
		{AA283B70-9245-4C23-A1AD-C61D3E229ADB}.Debug|Win32.Build.0 = Debug|Win32
		{AA283B70-9245-4C23-A1AD-C61D3E229ADB}.Release|Win32.ActiveCfg = Release|Win32
		{AA283B70-9245-4C23-A1AD-C61D3E229ADB}.Release|Win32.Build.0 = Release|Win32
		{AA283B70-9245-4C23-A1AD-C61D3E229ADB}.Unicode Debug|Win32.ActiveCfg = Unicode Debug|Win32
		{AA283B70-9245-4C23-A1AD-C61D3E229ADB}.Unicode Debug|Win32.Build.0 = Unicode Debug|Win32
		{AA283B70-9245-4C23-A1AD-C61D3E229ADB}.Unicode Release|Win32.ActiveCfg = Unicode Release|Win32
		{AA283B70-9245-4C23-A1AD-C61D3E229ADB}.Unicode Release|Win32.Build.0 = Unicode Release|Win32
		{FC86443B-245B-4F29-BEF2-2D39A8F8B063}.Debug|Win32.ActiveCfg = Debug|Win32
		{FC86443B-245B-4F29-BEF2-2D39A8F8B063}.Debug|Win32.Build.0 = Debug|Win32
		{FC86443B-245B-4F29-BEF2-2D39A8F8B063}.Release|Win32.ActiveCfg = Release|Win32
		{FC86443B-245B-4F29-BEF2-2D39A8F8B063}.Release|Win32.Build.0 = Release|Win32
		{FC86443B-245B-4F29-BEF2-2D39A8F8B063}.Unicode Debug|Win32.ActiveCfg = Unicode Debug|Win32
		{FC86443B-245B-4F29-BEF2-2D39A8F8B063}.Unicode Debug|Win32.Build.0 = Unicode Debug|Win32
		{FC86443B-245B-4F29-BEF2-2D39A8F8B063}.Unicode Release|Win32.ActiveCfg = Unicode Release|Win32
		{FC86443B-245B-4F29-BEF2-2D39A8F8B063}.Unicode Release|Win32.Build.0 = Unicode Release|Win32
		{57C0A571-828A-42C2-9FC2-AE07BCFA3C93}.Debug|Win32.ActiveCfg = Debug|Win32
		{57C0A571-828A-42C2-9FC2-AE07BCFA3C93}.Debug|Win32.Build.0 = Debug|Win32
		{57C0A571-828A-42C2-9FC2-AE07BCFA3C93}.Release|Win32.ActiveCfg = Release|Win32
		{57C0A571-828A-42C2-9FC2-AE07BCFA3C93}.Release|Win32.Build.0 = Release|Win32
		{57C0A571-828A-42C2-9FC2-AE07BCFA3C93}.Unicode Debug|Win32.ActiveCfg = Unicode Debug|Win32
		{57C0A571-828A-42C2-9FC2-AE07BCFA3C93}.Unicode Debug|Win32.Build.0 = Unicode Debug|Win32
		{57C0A571-828A-42C2-9FC2-AE07BCFA3C93}.Unicode Release|Win32.ActiveCfg = Unicode Release|Win32
		{57C0A571-828A-42C2-9FC2-AE07BCFA3C93}.Unicode Release|Win32.Build.0 = Unicode Release|Win32
		{8354A989-14F3-4A53-A458-C86BD5D3520A}.Debug|Win32.ActiveCfg = Debug|Win32
		{8354A989-14F3-4A53-A458-C86BD5D3520A}.Debug|Win32.Build.0 = Debug|Win32
		{8354A989-14F3-4A53-A458-C86BD5D3520A}.Release|Win32.ActiveCfg = Release|Win32
		{8354A989-14F3-4A53-A458-C86BD5D3520A}.Release|Win32.Build.0 = Release|Win32
		{8354A989-14F3-4A53-A458-C86BD5D3520A}.Unicode Debug|Win32.ActiveCfg = Unicode Debug|Win32
		{8354A989-14F3-4A53-A458-C86BD5D3520A}.Unicode Debug|Win32.Build.0 = Unicode Debug|Win32
		{8354A989-14F3-4A53-A458-C86BD5D3520A}.Unicode Release|Win32.ActiveCfg = Unicode Release|Win32
		{8354A989-14F3-4A53-A458-C86BD5D3520A}.Unicode Release|Win32.Build.0 = Unicode Release|Win32
	EndGlobalSection
	GlobalSection(SolutionProperties) = preSolution
		HideSolutionNode = FALSE
	EndGlobalSection
EndGlobal
