Microsoft Visual Studio Solution File, Format Version 10.00
# Visual Studio 2008
Project("{8BC9CEB8-8B4A-11D0-8D11-00A0C91BC942}") = "demo_water", "demo\demo_water\demo_water.vcproj", "{CEFDEEC2-9346-4590-82B4-EFC8E816EE21}"
	ProjectSection(ProjectDependencies) = postProject
		{BF852F28-01B5-4492-9273-6E69EE1E4929} = {BF852F28-01B5-4492-9273-6E69EE1E4929}
		{FC86443B-245B-4F29-BEF2-2D39A8F8B063} = {FC86443B-245B-4F29-BEF2-2D39A8F8B063}
	EndProjectSection
EndProject
Project("{8BC9CEB8-8B4A-11D0-8D11-00A0C91BC942}") = "demo_bumpmap", "demo\demo_bumpmap\demo_bumpmap.vcproj", "{3F23835C-D6A0-4218-9A8C-297B5DCA0010}"
	ProjectSection(ProjectDependencies) = postProject
		{BF852F28-01B5-4492-9273-6E69EE1E4929} = {BF852F28-01B5-4492-9273-6E69EE1E4929}
		{FC86443B-245B-4F29-BEF2-2D39A8F8B063} = {FC86443B-245B-4F29-BEF2-2D39A8F8B063}
	EndProjectSection
EndProject
Project("{8BC9CEB8-8B4A-11D0-8D11-00A0C91BC942}") = "demo_ui", "demo\demo_ui\demo_ui.vcproj", "{8B0F6911-4E12-4358-B5B4-07673EF08BDF}"
	ProjectSection(ProjectDependencies) = postProject
		{BF852F28-01B5-4492-9273-6E69EE1E4929} = {BF852F28-01B5-4492-9273-6E69EE1E4929}
		{FC86443B-245B-4F29-BEF2-2D39A8F8B063} = {FC86443B-245B-4F29-BEF2-2D39A8F8B063}
		{1811B7AB-DF7A-48BE-B26E-8E8543F9ED99} = {1811B7AB-DF7A-48BE-B26E-8E8543F9ED99}
	EndProjectSection
EndProject
Project("{8BC9CEB8-8B4A-11D0-8D11-00A0C91BC942}") = "demo_mesh", "demo\demo_mesh\demo_mesh.vcproj", "{B69C8802-3861-4770-8358-8303F7697B00}"
	ProjectSection(ProjectDependencies) = postProject
		{BF852F28-01B5-4492-9273-6E69EE1E4929} = {BF852F28-01B5-4492-9273-6E69EE1E4929}
		{FC86443B-245B-4F29-BEF2-2D39A8F8B063} = {FC86443B-245B-4F29-BEF2-2D39A8F8B063}
	EndProjectSection
EndProject
Project("{8BC9CEB8-8B4A-11D0-8D11-00A0C91BC942}") = "libOEMath", "source\libOEMath\libOEMath.vcproj", "{BF852F28-01B5-4492-9273-6E69EE1E4929}"
EndProject
Project("{8BC9CEB8-8B4A-11D0-8D11-00A0C91BC942}") = "demo_model", "demo\demo_model\demo_model.vcproj", "{15B22B2A-76B5-47D3-94BD-F96E0B757280}"
	ProjectSection(ProjectDependencies) = postProject
		{BF852F28-01B5-4492-9273-6E69EE1E4929} = {BF852F28-01B5-4492-9273-6E69EE1E4929}
		{FC86443B-245B-4F29-BEF2-2D39A8F8B063} = {FC86443B-245B-4F29-BEF2-2D39A8F8B063}
	EndProjectSection
EndProject
Project("{8BC9CEB8-8B4A-11D0-8D11-00A0C91BC942}") = "demo_terrain", "demo\demo_terrain\demo_terrain.vcproj", "{EC3D2159-59A9-4FA6-B332-DAAC72C9280A}"
	ProjectSection(ProjectDependencies) = postProject
		{BF852F28-01B5-4492-9273-6E69EE1E4929} = {BF852F28-01B5-4492-9273-6E69EE1E4929}
		{FC86443B-245B-4F29-BEF2-2D39A8F8B063} = {FC86443B-245B-4F29-BEF2-2D39A8F8B063}
	EndProjectSection
EndProject
Project("{8BC9CEB8-8B4A-11D0-8D11-00A0C91BC942}") = "libOEBase", "source\libOEBase\libOEBase.vcproj", "{FC86443B-245B-4F29-BEF2-2D39A8F8B063}"
EndProject
Project("{8BC9CEB8-8B4A-11D0-8D11-00A0C91BC942}") = "libOEUI", "source\libOEUI\libOEUI.vcproj", "{1811B7AB-DF7A-48BE-B26E-8E8543F9ED99}"
EndProject
Global
	GlobalSection(SolutionConfigurationPlatforms) = preSolution
		Debug|Win32 = Debug|Win32
		Release|Win32 = Release|Win32
		Unicode Debug|Win32 = Unicode Debug|Win32
		Unicode Release|Win32 = Unicode Release|Win32
	EndGlobalSection
	GlobalSection(ProjectConfigurationPlatforms) = postSolution
		{CEFDEEC2-9346-4590-82B4-EFC8E816EE21}.Debug|Win32.ActiveCfg = Debug|Win32
		{CEFDEEC2-9346-4590-82B4-EFC8E816EE21}.Debug|Win32.Build.0 = Debug|Win32
		{CEFDEEC2-9346-4590-82B4-EFC8E816EE21}.Release|Win32.ActiveCfg = Release|Win32
		{CEFDEEC2-9346-4590-82B4-EFC8E816EE21}.Release|Win32.Build.0 = Release|Win32
		{CEFDEEC2-9346-4590-82B4-EFC8E816EE21}.Unicode Debug|Win32.ActiveCfg = Unicode Debug|Win32
		{CEFDEEC2-9346-4590-82B4-EFC8E816EE21}.Unicode Debug|Win32.Build.0 = Unicode Debug|Win32
		{CEFDEEC2-9346-4590-82B4-EFC8E816EE21}.Unicode Release|Win32.ActiveCfg = Unicode Release|Win32
		{CEFDEEC2-9346-4590-82B4-EFC8E816EE21}.Unicode Release|Win32.Build.0 = Unicode Release|Win32
		{3F23835C-D6A0-4218-9A8C-297B5DCA0010}.Debug|Win32.ActiveCfg = Debug|Win32
		{3F23835C-D6A0-4218-9A8C-297B5DCA0010}.Debug|Win32.Build.0 = Debug|Win32
		{3F23835C-D6A0-4218-9A8C-297B5DCA0010}.Release|Win32.ActiveCfg = Release|Win32
		{3F23835C-D6A0-4218-9A8C-297B5DCA0010}.Release|Win32.Build.0 = Release|Win32
		{3F23835C-D6A0-4218-9A8C-297B5DCA0010}.Unicode Debug|Win32.ActiveCfg = Unicode Debug|Win32
		{3F23835C-D6A0-4218-9A8C-297B5DCA0010}.Unicode Debug|Win32.Build.0 = Unicode Debug|Win32
		{3F23835C-D6A0-4218-9A8C-297B5DCA0010}.Unicode Release|Win32.ActiveCfg = Unicode Release|Win32
		{3F23835C-D6A0-4218-9A8C-297B5DCA0010}.Unicode Release|Win32.Build.0 = Unicode Release|Win32
		{8B0F6911-4E12-4358-B5B4-07673EF08BDF}.Debug|Win32.ActiveCfg = Debug|Win32
		{8B0F6911-4E12-4358-B5B4-07673EF08BDF}.Debug|Win32.Build.0 = Debug|Win32
		{8B0F6911-4E12-4358-B5B4-07673EF08BDF}.Release|Win32.ActiveCfg = Release|Win32
		{8B0F6911-4E12-4358-B5B4-07673EF08BDF}.Release|Win32.Build.0 = Release|Win32
		{8B0F6911-4E12-4358-B5B4-07673EF08BDF}.Unicode Debug|Win32.ActiveCfg = Unicode Debug|Win32
		{8B0F6911-4E12-4358-B5B4-07673EF08BDF}.Unicode Debug|Win32.Build.0 = Unicode Debug|Win32
		{8B0F6911-4E12-4358-B5B4-07673EF08BDF}.Unicode Release|Win32.ActiveCfg = Unicode Release|Win32
		{8B0F6911-4E12-4358-B5B4-07673EF08BDF}.Unicode Release|Win32.Build.0 = Unicode Release|Win32
		{B69C8802-3861-4770-8358-8303F7697B00}.Debug|Win32.ActiveCfg = Debug|Win32
		{B69C8802-3861-4770-8358-8303F7697B00}.Debug|Win32.Build.0 = Debug|Win32
		{B69C8802-3861-4770-8358-8303F7697B00}.Release|Win32.ActiveCfg = Release|Win32
		{B69C8802-3861-4770-8358-8303F7697B00}.Release|Win32.Build.0 = Release|Win32
		{B69C8802-3861-4770-8358-8303F7697B00}.Unicode Debug|Win32.ActiveCfg = Unicode Debug|Win32
		{B69C8802-3861-4770-8358-8303F7697B00}.Unicode Debug|Win32.Build.0 = Unicode Debug|Win32
		{B69C8802-3861-4770-8358-8303F7697B00}.Unicode Release|Win32.ActiveCfg = Unicode Release|Win32
		{B69C8802-3861-4770-8358-8303F7697B00}.Unicode Release|Win32.Build.0 = Unicode Release|Win32
		{BF852F28-01B5-4492-9273-6E69EE1E4929}.Debug|Win32.ActiveCfg = Debug|Win32
		{BF852F28-01B5-4492-9273-6E69EE1E4929}.Debug|Win32.Build.0 = Debug|Win32
		{BF852F28-01B5-4492-9273-6E69EE1E4929}.Release|Win32.ActiveCfg = Release|Win32
		{BF852F28-01B5-4492-9273-6E69EE1E4929}.Release|Win32.Build.0 = Release|Win32
		{BF852F28-01B5-4492-9273-6E69EE1E4929}.Unicode Debug|Win32.ActiveCfg = Unicode Debug|Win32
		{BF852F28-01B5-4492-9273-6E69EE1E4929}.Unicode Debug|Win32.Build.0 = Unicode Debug|Win32
		{BF852F28-01B5-4492-9273-6E69EE1E4929}.Unicode Release|Win32.ActiveCfg = Unicode Release|Win32
		{BF852F28-01B5-4492-9273-6E69EE1E4929}.Unicode Release|Win32.Build.0 = Unicode Release|Win32
		{15B22B2A-76B5-47D3-94BD-F96E0B757280}.Debug|Win32.ActiveCfg = Debug|Win32
		{15B22B2A-76B5-47D3-94BD-F96E0B757280}.Debug|Win32.Build.0 = Debug|Win32
		{15B22B2A-76B5-47D3-94BD-F96E0B757280}.Release|Win32.ActiveCfg = Release|Win32
		{15B22B2A-76B5-47D3-94BD-F96E0B757280}.Release|Win32.Build.0 = Release|Win32
		{15B22B2A-76B5-47D3-94BD-F96E0B757280}.Unicode Debug|Win32.ActiveCfg = Unicode Debug|Win32
		{15B22B2A-76B5-47D3-94BD-F96E0B757280}.Unicode Debug|Win32.Build.0 = Unicode Debug|Win32
		{15B22B2A-76B5-47D3-94BD-F96E0B757280}.Unicode Release|Win32.ActiveCfg = Unicode Release|Win32
		{15B22B2A-76B5-47D3-94BD-F96E0B757280}.Unicode Release|Win32.Build.0 = Unicode Release|Win32
		{EC3D2159-59A9-4FA6-B332-DAAC72C9280A}.Debug|Win32.ActiveCfg = Debug|Win32
		{EC3D2159-59A9-4FA6-B332-DAAC72C9280A}.Debug|Win32.Build.0 = Debug|Win32
		{EC3D2159-59A9-4FA6-B332-DAAC72C9280A}.Release|Win32.ActiveCfg = Release|Win32
		{EC3D2159-59A9-4FA6-B332-DAAC72C9280A}.Release|Win32.Build.0 = Release|Win32
		{EC3D2159-59A9-4FA6-B332-DAAC72C9280A}.Unicode Debug|Win32.ActiveCfg = Unicode Debug|Win32
		{EC3D2159-59A9-4FA6-B332-DAAC72C9280A}.Unicode Debug|Win32.Build.0 = Unicode Debug|Win32
		{EC3D2159-59A9-4FA6-B332-DAAC72C9280A}.Unicode Release|Win32.ActiveCfg = Unicode Release|Win32
		{EC3D2159-59A9-4FA6-B332-DAAC72C9280A}.Unicode Release|Win32.Build.0 = Unicode Release|Win32
		{FC86443B-245B-4F29-BEF2-2D39A8F8B063}.Debug|Win32.ActiveCfg = Debug|Win32
		{FC86443B-245B-4F29-BEF2-2D39A8F8B063}.Debug|Win32.Build.0 = Debug|Win32
		{FC86443B-245B-4F29-BEF2-2D39A8F8B063}.Release|Win32.ActiveCfg = Release|Win32
		{FC86443B-245B-4F29-BEF2-2D39A8F8B063}.Release|Win32.Build.0 = Release|Win32
		{FC86443B-245B-4F29-BEF2-2D39A8F8B063}.Unicode Debug|Win32.ActiveCfg = Unicode Debug|Win32
		{FC86443B-245B-4F29-BEF2-2D39A8F8B063}.Unicode Debug|Win32.Build.0 = Unicode Debug|Win32
		{FC86443B-245B-4F29-BEF2-2D39A8F8B063}.Unicode Release|Win32.ActiveCfg = Unicode Release|Win32
		{FC86443B-245B-4F29-BEF2-2D39A8F8B063}.Unicode Release|Win32.Build.0 = Unicode Release|Win32
		{1811B7AB-DF7A-48BE-B26E-8E8543F9ED99}.Debug|Win32.ActiveCfg = Debug|Win32
		{1811B7AB-DF7A-48BE-B26E-8E8543F9ED99}.Debug|Win32.Build.0 = Debug|Win32
		{1811B7AB-DF7A-48BE-B26E-8E8543F9ED99}.Release|Win32.ActiveCfg = Release|Win32
		{1811B7AB-DF7A-48BE-B26E-8E8543F9ED99}.Release|Win32.Build.0 = Release|Win32
		{1811B7AB-DF7A-48BE-B26E-8E8543F9ED99}.Unicode Debug|Win32.ActiveCfg = Unicode Debug|Win32
		{1811B7AB-DF7A-48BE-B26E-8E8543F9ED99}.Unicode Debug|Win32.Build.0 = Unicode Debug|Win32
		{1811B7AB-DF7A-48BE-B26E-8E8543F9ED99}.Unicode Release|Win32.ActiveCfg = Unicode Release|Win32
		{1811B7AB-DF7A-48BE-B26E-8E8543F9ED99}.Unicode Release|Win32.Build.0 = Unicode Release|Win32
	EndGlobalSection
	GlobalSection(SolutionProperties) = preSolution
		HideSolutionNode = FALSE
	EndGlobalSection
EndGlobal
